{
  "R": {
    "Version": "4.1.0",
    "Repositories": [
      {
        "Name": "CRAN",
        "URL": "https://packagemanager.rstudio.com/all/latest"
      }
    ]
  },
  "Packages": {
    "KernSmooth": {
      "Package": "KernSmooth",
      "Version": "2.23-20",
      "Source": "Repository",
      "Repository": "CRAN",
      "Hash": "8dcfa99b14c296bc9f1fd64d52fd3ce7"
    },
    "MASS": {
      "Package": "MASS",
      "Version": "7.3-54",
      "Source": "Repository",
      "Repository": "CRAN",
      "Hash": "0e59129db205112e3963904db67fd0dc"
    },
    "Matrix": {
      "Package": "Matrix",
      "Version": "1.3-3",
      "Source": "Repository",
      "Repository": "CRAN",
      "Hash": "df57c82e79600601287edfdcef92c2d6"
    },
    "R6": {
      "Package": "R6",
      "Version": "2.5.0",
      "Source": "Repository",
      "Repository": "RSPM",
      "Hash": "b203113193e70978a696b2809525649d"
    },
    "RColorBrewer": {
      "Package": "RColorBrewer",
      "Version": "1.1-2",
      "Source": "Repository",
      "Repository": "RSPM",
      "Hash": "e031418365a7f7a766181ab5a41a5716"
    },
    "Rcpp": {
      "Package": "Rcpp",
      "Version": "1.0.6",
      "Source": "Repository",
      "Repository": "RSPM",
      "Hash": "dbb5e436998a7eba5a9d682060533338"
    },
    "Rttf2pt1": {
      "Package": "Rttf2pt1",
      "Version": "1.3.8",
      "Source": "Repository",
      "Repository": "RSPM",
      "Hash": "8c4137a9ab70de4787d57758f8190617"
    },
    "XML": {
      "Package": "XML",
      "Version": "3.99-0.6",
      "Source": "Repository",
      "Repository": "RSPM",
      "Hash": "59b7d0a3d18303ae30ba1246e77faa83"
    },
    "base64enc": {
      "Package": "base64enc",
      "Version": "0.1-3",
      "Source": "Repository",
      "Repository": "RSPM",
      "Hash": "543776ae6848fde2f48ff3816d0628bc"
    },
    "boot": {
      "Package": "boot",
      "Version": "1.3-28",
      "Source": "Repository",
      "Repository": "CRAN",
      "Hash": "0baa960e3b49c6176a4f42addcbacc59"
    },
    "class": {
      "Package": "class",
      "Version": "7.3-19",
      "Source": "Repository",
      "Repository": "CRAN",
      "Hash": "1593b7beb067c8381c0d24e38bd778e0"
    },
    "cli": {
      "Package": "cli",
      "Version": "2.5.0",
      "Source": "Repository",
      "Repository": "RSPM",
      "Hash": "a94ba44cee3ea571e813721e64184172"
    },
    "cluster": {
      "Package": "cluster",
      "Version": "2.1.2",
      "Source": "Repository",
      "Repository": "CRAN",
      "Hash": "ce49bfe5bc0b3ecd43a01fe1b01c2243"
    },
    "codetools": {
      "Package": "codetools",
      "Version": "0.2-18",
      "Source": "Repository",
      "Repository": "CRAN",
      "Hash": "019388fc48e48b3da0d3a76ff94608a8"
    },
    "colorspace": {
      "Package": "colorspace",
      "Version": "2.0-1",
      "Source": "Repository",
      "Repository": "RSPM",
      "Hash": "6cab523af06ac301e7a40c5529d45882"
    },
    "cpp11": {
      "Package": "cpp11",
      "Version": "0.2.7",
      "Source": "Repository",
      "Repository": "RSPM",
      "Hash": "730eebcc741a5c36761f7d4d0f5e37b8"
    },
    "crayon": {
      "Package": "crayon",
      "Version": "1.4.1",
      "Source": "Repository",
      "Repository": "RSPM",
      "Hash": "e75525c55c70e5f4f78c9960a4b402e9"
    },
    "data.table": {
      "Package": "data.table",
      "Version": "1.14.0",
      "Source": "Repository",
      "Repository": "RSPM",
      "Hash": "d1b8b1a821ee564a3515fa6c6d5c52dc"
    },
    "digest": {
      "Package": "digest",
      "Version": "0.6.27",
      "Source": "Repository",
      "Repository": "RSPM",
      "Hash": "a0cbe758a531d054b537d16dff4d58a1"
    },
    "docopt": {
      "Package": "docopt",
      "Version": "0.7.1",
      "Source": "Repository",
      "Repository": "RSPM",
      "Hash": "e9eeef7931ee99ca0093f3f20b88e09b"
    },
    "dplyr": {
      "Package": "dplyr",
      "Version": "1.0.6",
      "Source": "Repository",
      "Repository": "RSPM",
      "Hash": "19e84500b64bc7e589cb1e2550e25832"
    },
    "ellipsis": {
      "Package": "ellipsis",
      "Version": "0.3.2",
      "Source": "Repository",
      "Repository": "RSPM",
      "Hash": "bb0eec2fe32e88d9e2836c2f73ea2077"
    },
    "evaluate": {
      "Package": "evaluate",
      "Version": "0.14",
      "Source": "Repository",
      "Repository": "RSPM",
      "Hash": "ec8ca05cffcc70569eaaad8469d2a3a7"
    },
    "extrafont": {
      "Package": "extrafont",
      "Version": "0.17",
      "Source": "Repository",
      "Repository": "RSPM",
      "Hash": "7f2f50e8f998a4bea4b04650fc4f2ca8"
    },
    "extrafontdb": {
      "Package": "extrafontdb",
      "Version": "1.0",
      "Source": "Repository",
      "Repository": "RSPM",
      "Hash": "a861555ddec7451c653b40e713166c6f"
    },
    "fansi": {
      "Package": "fansi",
      "Version": "0.5.0",
      "Source": "Repository",
      "Repository": "RSPM",
      "Hash": "d447b40982c576a72b779f0a3b3da227"
    },
    "farver": {
      "Package": "farver",
      "Version": "2.1.0",
      "Source": "Repository",
      "Repository": "RSPM",
      "Hash": "c98eb5133d9cb9e1622b8691487f11bb"
    },
    "foreign": {
      "Package": "foreign",
      "Version": "0.8-81",
      "Source": "Repository",
      "Repository": "CRAN",
      "Hash": "74628ea7a3be5ee8a7b5bb0a8e84882e"
    },
    "fs": {
      "Package": "fs",
      "Version": "1.5.0",
      "Source": "Repository",
      "Repository": "RSPM",
      "Hash": "44594a07a42e5f91fac9f93fda6d0109"
    },
    "generics": {
      "Package": "generics",
      "Version": "0.1.0",
      "Source": "Repository",
      "Repository": "RSPM",
      "Hash": "4d243a9c10b00589889fe32314ffd902"
    },
    "ggplot2": {
      "Package": "ggplot2",
      "Version": "3.3.3",
      "Source": "Repository",
      "Repository": "RSPM",
      "Hash": "3eb6477d01eb5bbdc03f7d5f70f2733e"
    },
    "glue": {
      "Package": "glue",
      "Version": "1.4.2",
      "Source": "Repository",
      "Repository": "RSPM",
      "Hash": "6efd734b14c6471cfe443345f3e35e29"
    },
    "gtable": {
      "Package": "gtable",
      "Version": "0.3.0",
      "Source": "Repository",
      "Repository": "RSPM",
      "Hash": "ac5c6baf7822ce8732b343f14c072c4d"
    },
    "highr": {
      "Package": "highr",
      "Version": "0.9",
      "Source": "Repository",
      "Repository": "RSPM",
      "Hash": "8eb36c8125038e648e5d111c0d7b2ed4"
    },
    "htmltools": {
      "Package": "htmltools",
      "Version": "0.5.1.1",
      "Source": "Repository",
      "Repository": "RSPM",
      "Hash": "af2c2531e55df5cf230c4b5444fc973c"
    },
    "isoband": {
      "Package": "isoband",
      "Version": "0.2.4",
      "Source": "Repository",
      "Repository": "RSPM",
      "Hash": "b2008df40fb297e3fef135c7e8eeec1a"
    },
    "jsonlite": {
      "Package": "jsonlite",
      "Version": "1.7.2",
      "Source": "Repository",
      "Repository": "RSPM",
      "Hash": "98138e0994d41508c7a6b84a0600cfcb"
    },
    "knitr": {
      "Package": "knitr",
      "Version": "1.33",
      "Source": "Repository",
      "Repository": "RSPM",
      "Hash": "0bc1b5da1b0eb07cd4b727e95e9ff0b8"
    },
    "labeling": {
      "Package": "labeling",
      "Version": "0.4.2",
      "Source": "Repository",
      "Repository": "RSPM",
      "Hash": "3d5108641f47470611a32d0bdf357a72"
    },
    "lattice": {
      "Package": "lattice",
      "Version": "0.20-44",
      "Source": "Repository",
      "Repository": "CRAN",
      "Hash": "f36bf1a849d9106dc2af72e501f9de41"
    },
    "lifecycle": {
      "Package": "lifecycle",
      "Version": "1.0.0",
      "Source": "Repository",
      "Repository": "RSPM",
      "Hash": "3471fb65971f1a7b2d4ae7848cf2db8d"
    },
    "littler": {
      "Package": "littler",
      "Version": "0.3.12",
      "Source": "Repository",
      "Repository": "RSPM",
      "OS_type": "unix",
      "Hash": "0633fe3a89479472ffe963dd51f53789"
    },
    "magrittr": {
      "Package": "magrittr",
      "Version": "2.0.1",
      "Source": "Repository",
      "Repository": "RSPM",
      "Hash": "41287f1ac7d28a92f0a286ed507928d3"
    },
    "markdown": {
      "Package": "markdown",
      "Version": "1.1",
      "Source": "Repository",
      "Repository": "RSPM",
      "Hash": "61e4a10781dd00d7d81dd06ca9b94e95"
    },
    "mgcv": {
      "Package": "mgcv",
      "Version": "1.8-35",
      "Source": "Repository",
      "Repository": "CRAN",
      "Hash": "89fd8b2ad4a6cb4979b78cf2a77ab503"
    },
    "mime": {
      "Package": "mime",
      "Version": "0.10",
      "Source": "Repository",
      "Repository": "RSPM",
      "Hash": "26fa77e707223e1ce042b2b5d09993dc"
    },
    "munsell": {
      "Package": "munsell",
      "Version": "0.5.0",
      "Source": "Repository",
      "Repository": "RSPM",
      "Hash": "6dfe8bf774944bd5595785e3229d8771"
    },
    "nlme": {
      "Package": "nlme",
      "Version": "3.1-152",
      "Source": "Repository",
      "Repository": "CRAN",
      "Hash": "35de1ce639f20b5e10f7f46260730c65"
    },
    "nnet": {
      "Package": "nnet",
      "Version": "7.3-16",
      "Source": "Repository",
      "Repository": "CRAN",
      "Hash": "3a3dc184000bc9e6c145c4dbde4dd702"
    },
    "patchwork": {
      "Package": "patchwork",
      "Version": "1.1.1",
      "Source": "Repository",
      "Repository": "RSPM",
      "Hash": "c446b30cb33ec125ff02588b60660ccb"
    },
    "pillar": {
      "Package": "pillar",
      "Version": "1.6.1",
      "Source": "Repository",
      "Repository": "RSPM",
      "Hash": "8672ae02bd20f6479bce2d06c7ff1401"
    },
    "pkgconfig": {
      "Package": "pkgconfig",
      "Version": "2.0.3",
      "Source": "Repository",
      "Repository": "RSPM",
      "Hash": "01f28d4278f15c76cddbea05899c5d6f"
    },
    "png": {
      "Package": "png",
      "Version": "0.1-7",
      "Source": "Repository",
      "Repository": "RSPM",
      "Hash": "03b7076c234cb3331288919983326c55"
    },
    "purrr": {
      "Package": "purrr",
      "Version": "0.3.4",
      "Source": "Repository",
      "Repository": "RSPM",
      "Hash": "97def703420c8ab10d8f0e6c72101e02"
    },
    "rappdirs": {
      "Package": "rappdirs",
      "Version": "0.3.3",
      "Source": "Repository",
      "Repository": "RSPM",
      "Hash": "5e3c5dc0b071b21fa128676560dbe94d"
    },
    "renv": {
      "Package": "renv",
      "Version": "0.13.2",
      "Source": "Repository",
      "Repository": "RSPM",
      "Hash": "079cb1f03ff972b30401ed05623cbe92"
    },
    "reticulate": {
      "Package": "reticulate",
      "Version": "1.20",
      "Source": "Repository",
      "Repository": "RSPM",
      "Hash": "30ab0ea8c8d3dd16a3fa06903449bbfb"
    },
    "rlang": {
      "Package": "rlang",
      "Version": "0.4.11",
      "Source": "Repository",
      "Repository": "RSPM",
      "Hash": "515f341d3affe0de9e4a7f762efb0456"
    },
    "rlist": {
      "Package": "rlist",
      "Version": "0.4.6.1",
      "Source": "Repository",
      "Repository": "RSPM",
      "Hash": "75886cbfe663d94199639f442d43836a"
    },
    "rmarkdown": {
      "Package": "rmarkdown",
      "Version": "2.8",
      "Source": "Repository",
      "Repository": "RSPM",
      "Hash": "f518ba47713f92d0d603eec7c6888faf"
    },
    "rpart": {
      "Package": "rpart",
      "Version": "4.1-15",
      "Source": "Repository",
      "Repository": "CRAN",
      "Hash": "9787c1fcb680e655d062e7611cadf78e"
    },
    "rprojroot": {
      "Package": "rprojroot",
      "Version": "2.0.2",
      "Source": "Repository",
      "Repository": "RSPM",
      "Hash": "249d8cd1e74a8f6a26194a91b47f21d1"
    },
    "sagethemes": {
      "Package": "sagethemes",
      "Version": "0.0.0.9003",
      "Source": "GitHub",
      "RemoteType": "github",
      "RemoteHost": "api.github.com",
      "RemoteRepo": "sagethemes",
      "RemoteUsername": "Sage-Bionetworks",
      "RemoteRef": "main",
      "RemoteSha": "1a8eb0da028c28d7c88dd6627f9121782d88a1ef",
      "Hash": "8a2c9c159860e98471f4f44c5647cc07"
    },
    "scales": {
      "Package": "scales",
      "Version": "1.1.1",
      "Source": "Repository",
      "Repository": "RSPM",
      "Hash": "6f76f71042411426ec8df6c54f34e6dd"
    },
    "spatial": {
      "Package": "spatial",
      "Version": "7.3-14",
      "Source": "Repository",
      "Repository": "CRAN",
      "Hash": "a7341b0231ca84a0323982d5ae5a4300"
    },
    "stringi": {
      "Package": "stringi",
      "Version": "1.6.2",
      "Source": "Repository",
      "Repository": "RSPM",
      "Hash": "9df5e6f9a7fa11b84adf0429961de66a"
    },
    "stringr": {
      "Package": "stringr",
      "Version": "1.4.0",
      "Source": "Repository",
      "Repository": "RSPM",
      "Hash": "0759e6b6c0957edb1311028a49a35e76"
    },
    "survival": {
      "Package": "survival",
      "Version": "3.2-11",
      "Source": "Repository",
      "Repository": "CRAN",
      "Hash": "f4d706b25d640dbaeb56d9c9b6ce9a22"
    },
    "tibble": {
      "Package": "tibble",
      "Version": "3.1.2",
      "Source": "Repository",
      "Repository": "RSPM",
      "Hash": "349b40a9f144516d537c875e786ec8b8"
    },
    "tidyr": {
      "Package": "tidyr",
      "Version": "1.1.3",
      "Source": "Repository",
      "Repository": "RSPM",
      "Hash": "450d7dfaedde58e28586b854eeece4fa"
    },
    "tidyselect": {
      "Package": "tidyselect",
      "Version": "1.1.1",
      "Source": "Repository",
      "Repository": "RSPM",
      "Hash": "7243004a708d06d4716717fa1ff5b2fe"
    },
    "tinytex": {
      "Package": "tinytex",
      "Version": "0.31",
      "Source": "Repository",
      "Repository": "RSPM",
      "Hash": "25b572f764f3c19fef9aac33b5724f3d"
    },
    "utf8": {
      "Package": "utf8",
      "Version": "1.2.1",
      "Source": "Repository",
      "Repository": "RSPM",
      "Hash": "c3ad47dc6da0751f18ed53c4613e3ac7"
    },
    "vctrs": {
      "Package": "vctrs",
      "Version": "0.3.8",
      "Source": "Repository",
      "Repository": "RSPM",
      "Hash": "ecf749a1b39ea72bd9b51b76292261f1"
    },
    "viridisLite": {
      "Package": "viridisLite",
      "Version": "0.4.0",
      "Source": "Repository",
      "Repository": "RSPM",
      "Hash": "55e157e2aa88161bdb0754218470d204"
    },
    "withr": {
      "Package": "withr",
      "Version": "2.4.2",
      "Source": "Repository",
      "Repository": "RSPM",
      "Hash": "ad03909b44677f930fa156d47d7a3aeb"
    },
    "xfun": {
      "Package": "xfun",
      "Version": "0.23",
      "Source": "Repository",
      "Repository": "RSPM",
      "Hash": "791a57f43c887111490851dcd166d344"
    },
    "xml2": {
      "Package": "xml2",
      "Version": "1.3.2",
      "Source": "Repository",
      "Repository": "RSPM",
      "Hash": "d4d71a75dd3ea9eb5fa28cc21f9585e2"
    },
    "yaml": {
      "Package": "yaml",
      "Version": "2.2.1",
      "Source": "Repository",
      "Repository": "RSPM",
      "Hash": "2826c5d9efb0a88f657c7a679c7106db"
    }
  }
}
